// !$*UTF8*$!
{
	archiveVersion = 1;
	classes = {
	};
	objectVersion = 46;
	objects = {

/* Begin PBXBuildFile section */
		3347C1C81CC30EBB00164BE3 /* AppDelegate.swift in Sources */ = {isa = PBXBuildFile; fileRef = 3347C1C71CC30EBB00164BE3 /* AppDelegate.swift */; };
		3347C1DD1CC30EBB00164BE3 /* ViperExampleTests.swift in Sources */ = {isa = PBXBuildFile; fileRef = 3347C1DC1CC30EBB00164BE3 /* ViperExampleTests.swift */; };
		3347C1E81CC30EBB00164BE3 /* ViperExampleUITests.swift in Sources */ = {isa = PBXBuildFile; fileRef = 3347C1E71CC30EBB00164BE3 /* ViperExampleUITests.swift */; };
		335997AD1CC9B454000456BF /* Task.swift in Sources */ = {isa = PBXBuildFile; fileRef = 335997A11CC9B454000456BF /* Task.swift */; };
		335997AE1CC9B454000456BF /* TaskListInteractor.swift in Sources */ = {isa = PBXBuildFile; fileRef = 335997A31CC9B454000456BF /* TaskListInteractor.swift */; };
		335997AF1CC9B454000456BF /* TaskListPresenter.swift in Sources */ = {isa = PBXBuildFile; fileRef = 335997A51CC9B454000456BF /* TaskListPresenter.swift */; };
		335997B01CC9B454000456BF /* TaskListProtocols.swift in Sources */ = {isa = PBXBuildFile; fileRef = 335997A71CC9B454000456BF /* TaskListProtocols.swift */; };
		335997B11CC9B454000456BF /* TaskListView.swift in Sources */ = {isa = PBXBuildFile; fileRef = 335997A91CC9B454000456BF /* TaskListView.swift */; };
		335997B21CC9B454000456BF /* TaskListView.xib in Resources */ = {isa = PBXBuildFile; fileRef = 335997AA1CC9B454000456BF /* TaskListView.xib */; };
		335997B31CC9B454000456BF /* TaskListWireframe.swift in Sources */ = {isa = PBXBuildFile; fileRef = 335997AC1CC9B454000456BF /* TaskListWireframe.swift */; };
		335997C01CC9B6E6000456BF /* TaskCreationInteractor.swift in Sources */ = {isa = PBXBuildFile; fileRef = 335997B61CC9B6E6000456BF /* TaskCreationInteractor.swift */; };
		335997C11CC9B6E6000456BF /* TaskCreationPresenter.swift in Sources */ = {isa = PBXBuildFile; fileRef = 335997B81CC9B6E6000456BF /* TaskCreationPresenter.swift */; };
		335997C21CC9B6E6000456BF /* TaskCreationProtocols.swift in Sources */ = {isa = PBXBuildFile; fileRef = 335997BA1CC9B6E6000456BF /* TaskCreationProtocols.swift */; };
		335997C31CC9B6E6000456BF /* TaskCreationView.swift in Sources */ = {isa = PBXBuildFile; fileRef = 335997BC1CC9B6E6000456BF /* TaskCreationView.swift */; };
		335997C41CC9B6E6000456BF /* TaskCreationView.xib in Resources */ = {isa = PBXBuildFile; fileRef = 335997BD1CC9B6E6000456BF /* TaskCreationView.xib */; };
		335997C51CC9B6E6000456BF /* TaskCreationWireframe.swift in Sources */ = {isa = PBXBuildFile; fileRef = 335997BF1CC9B6E6000456BF /* TaskCreationWireframe.swift */; };
		335997CB1CC9B8EC000456BF /* TaskDAO.swift in Sources */ = {isa = PBXBuildFile; fileRef = 335997C71CC9B8EC000456BF /* TaskDAO.swift */; };
		335997CC1CC9B8EC000456BF /* TaskMemoryDAO.swift in Sources */ = {isa = PBXBuildFile; fileRef = 335997C81CC9B8EC000456BF /* TaskMemoryDAO.swift */; };
		335997CD1CC9B8EC000456BF /* TaskError.swift in Sources */ = {isa = PBXBuildFile; fileRef = 335997CA1CC9B8EC000456BF /* TaskError.swift */; };
		337C1BA01CC3EFF50095C623 /* Assets.xcassets in Resources */ = {isa = PBXBuildFile; fileRef = 337C1B9D1CC3EFF50095C623 /* Assets.xcassets */; };
		337C1BA11CC3EFF50095C623 /* Default-568h@2x.png in Resources */ = {isa = PBXBuildFile; fileRef = 337C1B9E1CC3EFF50095C623 /* Default-568h@2x.png */; };
		337C1BA21CC3EFF50095C623 /* Info.plist in Resources */ = {isa = PBXBuildFile; fileRef = 337C1B9F1CC3EFF50095C623 /* Info.plist */; };
/* End PBXBuildFile section */

/* Begin PBXContainerItemProxy section */
		3347C1D91CC30EBB00164BE3 /* PBXContainerItemProxy */ = {
			isa = PBXContainerItemProxy;
			containerPortal = 3347C1BC1CC30EBB00164BE3 /* Project object */;
			proxyType = 1;
			remoteGlobalIDString = 3347C1C31CC30EBB00164BE3;
			remoteInfo = ViperExample;
		};
		3347C1E41CC30EBB00164BE3 /* PBXContainerItemProxy */ = {
			isa = PBXContainerItemProxy;
			containerPortal = 3347C1BC1CC30EBB00164BE3 /* Project object */;
			proxyType = 1;
			remoteGlobalIDString = 3347C1C31CC30EBB00164BE3;
			remoteInfo = ViperExample;
		};
/* End PBXContainerItemProxy section */

/* Begin PBXFileReference section */
		3347C1C41CC30EBB00164BE3 /* ViperExample.app */ = {isa = PBXFileReference; explicitFileType = wrapper.application; includeInIndex = 0; path = ViperExample.app; sourceTree = BUILT_PRODUCTS_DIR; };
		3347C1C71CC30EBB00164BE3 /* AppDelegate.swift */ = {isa = PBXFileReference; lastKnownFileType = sourcecode.swift; path = AppDelegate.swift; sourceTree = "<group>"; };
		3347C1D81CC30EBB00164BE3 /* ViperExampleTests.xctest */ = {isa = PBXFileReference; explicitFileType = wrapper.cfbundle; includeInIndex = 0; path = ViperExampleTests.xctest; sourceTree = BUILT_PRODUCTS_DIR; };
		3347C1DC1CC30EBB00164BE3 /* ViperExampleTests.swift */ = {isa = PBXFileReference; lastKnownFileType = sourcecode.swift; path = ViperExampleTests.swift; sourceTree = "<group>"; };
		3347C1DE1CC30EBB00164BE3 /* Info.plist */ = {isa = PBXFileReference; lastKnownFileType = text.plist.xml; path = Info.plist; sourceTree = "<group>"; };
		3347C1E31CC30EBB00164BE3 /* ViperExampleUITests.xctest */ = {isa = PBXFileReference; explicitFileType = wrapper.cfbundle; includeInIndex = 0; path = ViperExampleUITests.xctest; sourceTree = BUILT_PRODUCTS_DIR; };
		3347C1E71CC30EBB00164BE3 /* ViperExampleUITests.swift */ = {isa = PBXFileReference; lastKnownFileType = sourcecode.swift; path = ViperExampleUITests.swift; sourceTree = "<group>"; };
		3347C1E91CC30EBB00164BE3 /* Info.plist */ = {isa = PBXFileReference; lastKnownFileType = text.plist.xml; path = Info.plist; sourceTree = "<group>"; };
		335997A11CC9B454000456BF /* Task.swift */ = {isa = PBXFileReference; fileEncoding = 4; lastKnownFileType = sourcecode.swift; path = Task.swift; sourceTree = "<group>"; };
		335997A31CC9B454000456BF /* TaskListInteractor.swift */ = {isa = PBXFileReference; fileEncoding = 4; lastKnownFileType = sourcecode.swift; path = TaskListInteractor.swift; sourceTree = "<group>"; };
		335997A51CC9B454000456BF /* TaskListPresenter.swift */ = {isa = PBXFileReference; fileEncoding = 4; lastKnownFileType = sourcecode.swift; path = TaskListPresenter.swift; sourceTree = "<group>"; };
		335997A71CC9B454000456BF /* TaskListProtocols.swift */ = {isa = PBXFileReference; fileEncoding = 4; lastKnownFileType = sourcecode.swift; path = TaskListProtocols.swift; sourceTree = "<group>"; };
		335997A91CC9B454000456BF /* TaskListView.swift */ = {isa = PBXFileReference; fileEncoding = 4; lastKnownFileType = sourcecode.swift; path = TaskListView.swift; sourceTree = "<group>"; };
		335997AA1CC9B454000456BF /* TaskListView.xib */ = {isa = PBXFileReference; fileEncoding = 4; lastKnownFileType = file.xib; path = TaskListView.xib; sourceTree = "<group>"; };
		335997AC1CC9B454000456BF /* TaskListWireframe.swift */ = {isa = PBXFileReference; fileEncoding = 4; lastKnownFileType = sourcecode.swift; path = TaskListWireframe.swift; sourceTree = "<group>"; };
		335997B61CC9B6E6000456BF /* TaskCreationInteractor.swift */ = {isa = PBXFileReference; fileEncoding = 4; lastKnownFileType = sourcecode.swift; path = TaskCreationInteractor.swift; sourceTree = "<group>"; };
		335997B81CC9B6E6000456BF /* TaskCreationPresenter.swift */ = {isa = PBXFileReference; fileEncoding = 4; lastKnownFileType = sourcecode.swift; path = TaskCreationPresenter.swift; sourceTree = "<group>"; };
		335997BA1CC9B6E6000456BF /* TaskCreationProtocols.swift */ = {isa = PBXFileReference; fileEncoding = 4; lastKnownFileType = sourcecode.swift; path = TaskCreationProtocols.swift; sourceTree = "<group>"; };
		335997BC1CC9B6E6000456BF /* TaskCreationView.swift */ = {isa = PBXFileReference; fileEncoding = 4; lastKnownFileType = sourcecode.swift; path = TaskCreationView.swift; sourceTree = "<group>"; };
		335997BD1CC9B6E6000456BF /* TaskCreationView.xib */ = {isa = PBXFileReference; fileEncoding = 4; lastKnownFileType = file.xib; path = TaskCreationView.xib; sourceTree = "<group>"; };
		335997BF1CC9B6E6000456BF /* TaskCreationWireframe.swift */ = {isa = PBXFileReference; fileEncoding = 4; lastKnownFileType = sourcecode.swift; path = TaskCreationWireframe.swift; sourceTree = "<group>"; };
		335997C71CC9B8EC000456BF /* TaskDAO.swift */ = {isa = PBXFileReference; fileEncoding = 4; lastKnownFileType = sourcecode.swift; path = TaskDAO.swift; sourceTree = "<group>"; };
		335997C81CC9B8EC000456BF /* TaskMemoryDAO.swift */ = {isa = PBXFileReference; fileEncoding = 4; lastKnownFileType = sourcecode.swift; path = TaskMemoryDAO.swift; sourceTree = "<group>"; };
		335997CA1CC9B8EC000456BF /* TaskError.swift */ = {isa = PBXFileReference; fileEncoding = 4; lastKnownFileType = sourcecode.swift; path = TaskError.swift; sourceTree = "<group>"; };
		337C1B9D1CC3EFF50095C623 /* Assets.xcassets */ = {isa = PBXFileReference; lastKnownFileType = folder.assetcatalog; path = Assets.xcassets; sourceTree = "<group>"; };
		337C1B9E1CC3EFF50095C623 /* Default-568h@2x.png */ = {isa = PBXFileReference; lastKnownFileType = image.png; path = "Default-568h@2x.png"; sourceTree = "<group>"; };
		337C1B9F1CC3EFF50095C623 /* Info.plist */ = {isa = PBXFileReference; fileEncoding = 4; lastKnownFileType = text.plist.xml; path = Info.plist; sourceTree = "<group>"; };
/* End PBXFileReference section */

/* Begin PBXFrameworksBuildPhase section */
		3347C1C11CC30EBB00164BE3 /* Frameworks */ = {
			isa = PBXFrameworksBuildPhase;
			buildActionMask = 2147483647;
			files = (
			);
			runOnlyForDeploymentPostprocessing = 0;
		};
		3347C1D51CC30EBB00164BE3 /* Frameworks */ = {
			isa = PBXFrameworksBuildPhase;
			buildActionMask = 2147483647;
			files = (
			);
			runOnlyForDeploymentPostprocessing = 0;
		};
		3347C1E01CC30EBB00164BE3 /* Frameworks */ = {
			isa = PBXFrameworksBuildPhase;
			buildActionMask = 2147483647;
			files = (
			);
			runOnlyForDeploymentPostprocessing = 0;
		};
/* End PBXFrameworksBuildPhase section */

/* Begin PBXGroup section */
		3347C1BB1CC30EBB00164BE3 = {
			isa = PBXGroup;
			children = (
				3347C1C61CC30EBB00164BE3 /* ViperExample */,
				3347C1DB1CC30EBB00164BE3 /* ViperExampleTests */,
				3347C1E61CC30EBB00164BE3 /* ViperExampleUITests */,
				3347C1C51CC30EBB00164BE3 /* Products */,
			);
			sourceTree = "<group>";
		};
		3347C1C51CC30EBB00164BE3 /* Products */ = {
			isa = PBXGroup;
			children = (
				3347C1C41CC30EBB00164BE3 /* ViperExample.app */,
				3347C1D81CC30EBB00164BE3 /* ViperExampleTests.xctest */,
				3347C1E31CC30EBB00164BE3 /* ViperExampleUITests.xctest */,
			);
			name = Products;
			sourceTree = "<group>";
		};
		3347C1C61CC30EBB00164BE3 /* ViperExample */ = {
			isa = PBXGroup;
			children = (
				3347C1C71CC30EBB00164BE3 /* AppDelegate.swift */,
				335997C61CC9B8EC000456BF /* DAO */,
				335997C91CC9B8EC000456BF /* Enums */,
				337C1BB91CC3F15C0095C623 /* Modules */,
				337C1B9C1CC3EFF50095C623 /* Supporting Files */,
			);
			path = ViperExample;
			sourceTree = "<group>";
		};
		3347C1DB1CC30EBB00164BE3 /* ViperExampleTests */ = {
			isa = PBXGroup;
			children = (
				3347C1DC1CC30EBB00164BE3 /* ViperExampleTests.swift */,
				3347C1DE1CC30EBB00164BE3 /* Info.plist */,
			);
			path = ViperExampleTests;
			sourceTree = "<group>";
		};
		3347C1E61CC30EBB00164BE3 /* ViperExampleUITests */ = {
			isa = PBXGroup;
			children = (
				3347C1E71CC30EBB00164BE3 /* ViperExampleUITests.swift */,
				3347C1E91CC30EBB00164BE3 /* Info.plist */,
			);
			path = ViperExampleUITests;
			sourceTree = "<group>";
		};
		3359979F1CC9B454000456BF /* TaskList */ = {
			isa = PBXGroup;
			children = (
				335997A01CC9B454000456BF /* Entity */,
				335997A21CC9B454000456BF /* Interactor */,
				335997A41CC9B454000456BF /* Presenter */,
				335997A61CC9B454000456BF /* Protocol */,
				335997A81CC9B454000456BF /* View */,
				335997AB1CC9B454000456BF /* Wireframe */,
			);
			path = TaskList;
			sourceTree = "<group>";
		};
		335997A01CC9B454000456BF /* Entity */ = {
			isa = PBXGroup;
			children = (
				335997A11CC9B454000456BF /* Task.swift */,
			);
			path = Entity;
			sourceTree = "<group>";
		};
		335997A21CC9B454000456BF /* Interactor */ = {
			isa = PBXGroup;
			children = (
				335997A31CC9B454000456BF /* TaskListInteractor.swift */,
			);
			path = Interactor;
			sourceTree = "<group>";
		};
		335997A41CC9B454000456BF /* Presenter */ = {
			isa = PBXGroup;
			children = (
				335997A51CC9B454000456BF /* TaskListPresenter.swift */,
			);
			path = Presenter;
			sourceTree = "<group>";
		};
		335997A61CC9B454000456BF /* Protocol */ = {
			isa = PBXGroup;
			children = (
				335997A71CC9B454000456BF /* TaskListProtocols.swift */,
			);
			path = Protocol;
			sourceTree = "<group>";
		};
		335997A81CC9B454000456BF /* View */ = {
			isa = PBXGroup;
			children = (
				335997A91CC9B454000456BF /* TaskListView.swift */,
				335997AA1CC9B454000456BF /* TaskListView.xib */,
			);
			path = View;
			sourceTree = "<group>";
		};
		335997AB1CC9B454000456BF /* Wireframe */ = {
			isa = PBXGroup;
			children = (
				335997AC1CC9B454000456BF /* TaskListWireframe.swift */,
			);
			path = Wireframe;
			sourceTree = "<group>";
		};
		335997B41CC9B6E6000456BF /* TaskCreation */ = {
			isa = PBXGroup;
			children = (
				335997B51CC9B6E6000456BF /* Interactor */,
				335997B71CC9B6E6000456BF /* Presenter */,
				335997B91CC9B6E6000456BF /* Protocols */,
				335997BB1CC9B6E6000456BF /* View */,
				335997BE1CC9B6E6000456BF /* Wireframe */,
			);
			path = TaskCreation;
			sourceTree = "<group>";
		};
		335997B51CC9B6E6000456BF /* Interactor */ = {
			isa = PBXGroup;
			children = (
				335997B61CC9B6E6000456BF /* TaskCreationInteractor.swift */,
			);
			path = Interactor;
			sourceTree = "<group>";
		};
		335997B71CC9B6E6000456BF /* Presenter */ = {
			isa = PBXGroup;
			children = (
				335997B81CC9B6E6000456BF /* TaskCreationPresenter.swift */,
			);
			path = Presenter;
			sourceTree = "<group>";
		};
		335997B91CC9B6E6000456BF /* Protocols */ = {
			isa = PBXGroup;
			children = (
				335997BA1CC9B6E6000456BF /* TaskCreationProtocols.swift */,
			);
			path = Protocols;
			sourceTree = "<group>";
		};
		335997BB1CC9B6E6000456BF /* View */ = {
			isa = PBXGroup;
			children = (
				335997BC1CC9B6E6000456BF /* TaskCreationView.swift */,
				335997BD1CC9B6E6000456BF /* TaskCreationView.xib */,
			);
			path = View;
			sourceTree = "<group>";
		};
		335997BE1CC9B6E6000456BF /* Wireframe */ = {
			isa = PBXGroup;
			children = (
				335997BF1CC9B6E6000456BF /* TaskCreationWireframe.swift */,
			);
			path = Wireframe;
			sourceTree = "<group>";
		};
		335997C61CC9B8EC000456BF /* DAO */ = {
			isa = PBXGroup;
			children = (
				335997C71CC9B8EC000456BF /* TaskDAO.swift */,
				335997C81CC9B8EC000456BF /* TaskMemoryDAO.swift */,
			);
			path = DAO;
			sourceTree = "<group>";
		};
		335997C91CC9B8EC000456BF /* Enums */ = {
			isa = PBXGroup;
			children = (
				335997CA1CC9B8EC000456BF /* TaskError.swift */,
			);
			path = Enums;
			sourceTree = "<group>";
		};
		337C1B9C1CC3EFF50095C623 /* Supporting Files */ = {
			isa = PBXGroup;
			children = (
				337C1B9D1CC3EFF50095C623 /* Assets.xcassets */,
				337C1B9E1CC3EFF50095C623 /* Default-568h@2x.png */,
				337C1B9F1CC3EFF50095C623 /* Info.plist */,
			);
			path = "Supporting Files";
			sourceTree = "<group>";
		};
		337C1BB91CC3F15C0095C623 /* Modules */ = {
			isa = PBXGroup;
			children = (
				335997B41CC9B6E6000456BF /* TaskCreation */,
				3359979F1CC9B454000456BF /* TaskList */,
			);
			path = Modules;
			sourceTree = "<group>";
		};
/* End PBXGroup section */

/* Begin PBXNativeTarget section */
		3347C1C31CC30EBB00164BE3 /* ViperExample */ = {
			isa = PBXNativeTarget;
			buildConfigurationList = 3347C1EC1CC30EBB00164BE3 /* Build configuration list for PBXNativeTarget "ViperExample" */;
			buildPhases = (
				3347C1C01CC30EBB00164BE3 /* Sources */,
				3347C1C11CC30EBB00164BE3 /* Frameworks */,
				3347C1C21CC30EBB00164BE3 /* Resources */,
			);
			buildRules = (
			);
			dependencies = (
			);
			name = ViperExample;
			productName = ViperExample;
			productReference = 3347C1C41CC30EBB00164BE3 /* ViperExample.app */;
			productType = "com.apple.product-type.application";
		};
		3347C1D71CC30EBB00164BE3 /* ViperExampleTests */ = {
			isa = PBXNativeTarget;
			buildConfigurationList = 3347C1EF1CC30EBB00164BE3 /* Build configuration list for PBXNativeTarget "ViperExampleTests" */;
			buildPhases = (
				3347C1D41CC30EBB00164BE3 /* Sources */,
				3347C1D51CC30EBB00164BE3 /* Frameworks */,
				3347C1D61CC30EBB00164BE3 /* Resources */,
			);
			buildRules = (
			);
			dependencies = (
				3347C1DA1CC30EBB00164BE3 /* PBXTargetDependency */,
			);
			name = ViperExampleTests;
			productName = ViperExampleTests;
			productReference = 3347C1D81CC30EBB00164BE3 /* ViperExampleTests.xctest */;
			productType = "com.apple.product-type.bundle.unit-test";
		};
		3347C1E21CC30EBB00164BE3 /* ViperExampleUITests */ = {
			isa = PBXNativeTarget;
			buildConfigurationList = 3347C1F21CC30EBB00164BE3 /* Build configuration list for PBXNativeTarget "ViperExampleUITests" */;
			buildPhases = (
				3347C1DF1CC30EBB00164BE3 /* Sources */,
				3347C1E01CC30EBB00164BE3 /* Frameworks */,
				3347C1E11CC30EBB00164BE3 /* Resources */,
			);
			buildRules = (
			);
			dependencies = (
				3347C1E51CC30EBB00164BE3 /* PBXTargetDependency */,
			);
			name = ViperExampleUITests;
			productName = ViperExampleUITests;
			productReference = 3347C1E31CC30EBB00164BE3 /* ViperExampleUITests.xctest */;
			productType = "com.apple.product-type.bundle.ui-testing";
		};
/* End PBXNativeTarget section */

/* Begin PBXProject section */
		3347C1BC1CC30EBB00164BE3 /* Project object */ = {
			isa = PBXProject;
			attributes = {
				LastSwiftUpdateCheck = 0720;
				LastUpgradeCheck = 0720;
				ORGANIZATIONNAME = eduardoeof;
				TargetAttributes = {
					3347C1C31CC30EBB00164BE3 = {
						CreatedOnToolsVersion = 7.2.1;
					};
					3347C1D71CC30EBB00164BE3 = {
						CreatedOnToolsVersion = 7.2.1;
						TestTargetID = 3347C1C31CC30EBB00164BE3;
					};
					3347C1E21CC30EBB00164BE3 = {
						CreatedOnToolsVersion = 7.2.1;
						TestTargetID = 3347C1C31CC30EBB00164BE3;
					};
				};
			};
			buildConfigurationList = 3347C1BF1CC30EBB00164BE3 /* Build configuration list for PBXProject "ViperExample" */;
			compatibilityVersion = "Xcode 3.2";
			developmentRegion = English;
			hasScannedForEncodings = 0;
			knownRegions = (
				en,
				Base,
			);
			mainGroup = 3347C1BB1CC30EBB00164BE3;
			productRefGroup = 3347C1C51CC30EBB00164BE3 /* Products */;
			projectDirPath = "";
			projectRoot = "";
			targets = (
				3347C1C31CC30EBB00164BE3 /* ViperExample */,
				3347C1D71CC30EBB00164BE3 /* ViperExampleTests */,
				3347C1E21CC30EBB00164BE3 /* ViperExampleUITests */,
			);
		};
/* End PBXProject section */

/* Begin PBXResourcesBuildPhase section */
		3347C1C21CC30EBB00164BE3 /* Resources */ = {
			isa = PBXResourcesBuildPhase;
			buildActionMask = 2147483647;
			files = (
				337C1BA21CC3EFF50095C623 /* Info.plist in Resources */,
				335997B21CC9B454000456BF /* TaskListView.xib in Resources */,
				337C1BA01CC3EFF50095C623 /* Assets.xcassets in Resources */,
				335997C41CC9B6E6000456BF /* TaskCreationView.xib in Resources */,
				337C1BA11CC3EFF50095C623 /* Default-568h@2x.png in Resources */,
			);
			runOnlyForDeploymentPostprocessing = 0;
		};
		3347C1D61CC30EBB00164BE3 /* Resources */ = {
			isa = PBXResourcesBuildPhase;
			buildActionMask = 2147483647;
			files = (
			);
			runOnlyForDeploymentPostprocessing = 0;
		};
		3347C1E11CC30EBB00164BE3 /* Resources */ = {
			isa = PBXResourcesBuildPhase;
			buildActionMask = 2147483647;
			files = (
			);
			runOnlyForDeploymentPostprocessing = 0;
		};
/* End PBXResourcesBuildPhase section */

/* Begin PBXSourcesBuildPhase section */
		3347C1C01CC30EBB00164BE3 /* Sources */ = {
			isa = PBXSourcesBuildPhase;
			buildActionMask = 2147483647;
			files = (
				335997AE1CC9B454000456BF /* TaskListInteractor.swift in Sources */,
				335997C01CC9B6E6000456BF /* TaskCreationInteractor.swift in Sources */,
				335997C31CC9B6E6000456BF /* TaskCreationView.swift in Sources */,
				335997AD1CC9B454000456BF /* Task.swift in Sources */,
				335997AF1CC9B454000456BF /* TaskListPresenter.swift in Sources */,
				335997CB1CC9B8EC000456BF /* TaskDAO.swift in Sources */,
				335997C11CC9B6E6000456BF /* TaskCreationPresenter.swift in Sources */,
				335997CD1CC9B8EC000456BF /* TaskError.swift in Sources */,
				335997C21CC9B6E6000456BF /* TaskCreationProtocols.swift in Sources */,
				335997B11CC9B454000456BF /* TaskListView.swift in Sources */,
				3347C1C81CC30EBB00164BE3 /* AppDelegate.swift in Sources */,
				335997CC1CC9B8EC000456BF /* TaskMemoryDAO.swift in Sources */,
				335997B01CC9B454000456BF /* TaskListProtocols.swift in Sources */,
				335997C51CC9B6E6000456BF /* TaskCreationWireframe.swift in Sources */,
				335997B31CC9B454000456BF /* TaskListWireframe.swift in Sources */,
			);
			runOnlyForDeploymentPostprocessing = 0;
		};
		3347C1D41CC30EBB00164BE3 /* Sources */ = {
			isa = PBXSourcesBuildPhase;
			buildActionMask = 2147483647;
			files = (
				3347C1DD1CC30EBB00164BE3 /* ViperExampleTests.swift in Sources */,
			);
			runOnlyForDeploymentPostprocessing = 0;
		};
		3347C1DF1CC30EBB00164BE3 /* Sources */ = {
			isa = PBXSourcesBuildPhase;
			buildActionMask = 2147483647;
			files = (
				3347C1E81CC30EBB00164BE3 /* ViperExampleUITests.swift in Sources */,
			);
			runOnlyForDeploymentPostprocessing = 0;
		};
/* End PBXSourcesBuildPhase section */

/* Begin PBXTargetDependency section */
		3347C1DA1CC30EBB00164BE3 /* PBXTargetDependency */ = {
			isa = PBXTargetDependency;
			target = 3347C1C31CC30EBB00164BE3 /* ViperExample */;
			targetProxy = 3347C1D91CC30EBB00164BE3 /* PBXContainerItemProxy */;
		};
		3347C1E51CC30EBB00164BE3 /* PBXTargetDependency */ = {
			isa = PBXTargetDependency;
			target = 3347C1C31CC30EBB00164BE3 /* ViperExample */;
			targetProxy = 3347C1E41CC30EBB00164BE3 /* PBXContainerItemProxy */;
		};
/* End PBXTargetDependency section */

/* Begin XCBuildConfiguration section */
		3347C1EA1CC30EBB00164BE3 /* Debug */ = {
			isa = XCBuildConfiguration;
			buildSettings = {
				ALWAYS_SEARCH_USER_PATHS = NO;
				CLANG_CXX_LANGUAGE_STANDARD = "gnu++0x";
				CLANG_CXX_LIBRARY = "libc++";
				CLANG_ENABLE_MODULES = YES;
				CLANG_ENABLE_OBJC_ARC = YES;
				CLANG_WARN_BOOL_CONVERSION = YES;
				CLANG_WARN_CONSTANT_CONVERSION = YES;
				CLANG_WARN_DIRECT_OBJC_ISA_USAGE = YES_ERROR;
				CLANG_WARN_EMPTY_BODY = YES;
				CLANG_WARN_ENUM_CONVERSION = YES;
				CLANG_WARN_INT_CONVERSION = YES;
				CLANG_WARN_OBJC_ROOT_CLASS = YES_ERROR;
				CLANG_WARN_UNREACHABLE_CODE = YES;
				CLANG_WARN__DUPLICATE_METHOD_MATCH = YES;
				"CODE_SIGN_IDENTITY[sdk=iphoneos*]" = "iPhone Developer";
				COPY_PHASE_STRIP = NO;
				DEBUG_INFORMATION_FORMAT = dwarf;
				ENABLE_STRICT_OBJC_MSGSEND = YES;
				ENABLE_TESTABILITY = YES;
				GCC_C_LANGUAGE_STANDARD = gnu99;
				GCC_DYNAMIC_NO_PIC = NO;
				GCC_NO_COMMON_BLOCKS = YES;
				GCC_OPTIMIZATION_LEVEL = 0;
				GCC_PREPROCESSOR_DEFINITIONS = (
					"DEBUG=1",
					"$(inherited)",
				);
				GCC_WARN_64_TO_32_BIT_CONVERSION = YES;
				GCC_WARN_ABOUT_RETURN_TYPE = YES_ERROR;
				GCC_WARN_UNDECLARED_SELECTOR = YES;
				GCC_WARN_UNINITIALIZED_AUTOS = YES_AGGRESSIVE;
				GCC_WARN_UNUSED_FUNCTION = YES;
				GCC_WARN_UNUSED_VARIABLE = YES;
				IPHONEOS_DEPLOYMENT_TARGET = 9.2;
				MTL_ENABLE_DEBUG_INFO = YES;
				ONLY_ACTIVE_ARCH = YES;
				SDKROOT = iphoneos;
				SWIFT_OPTIMIZATION_LEVEL = "-Onone";
			};
			name = Debug;
		};
		3347C1EB1CC30EBB00164BE3 /* Release */ = {
			isa = XCBuildConfiguration;
			buildSettings = {
				ALWAYS_SEARCH_USER_PATHS = NO;
				CLANG_CXX_LANGUAGE_STANDARD = "gnu++0x";
				CLANG_CXX_LIBRARY = "libc++";
				CLANG_ENABLE_MODULES = YES;
				CLANG_ENABLE_OBJC_ARC = YES;
				CLANG_WARN_BOOL_CONVERSION = YES;
				CLANG_WARN_CONSTANT_CONVERSION = YES;
				CLANG_WARN_DIRECT_OBJC_ISA_USAGE = YES_ERROR;
				CLANG_WARN_EMPTY_BODY = YES;
				CLANG_WARN_ENUM_CONVERSION = YES;
				CLANG_WARN_INT_CONVERSION = YES;
				CLANG_WARN_OBJC_ROOT_CLASS = YES_ERROR;
				CLANG_WARN_UNREACHABLE_CODE = YES;
				CLANG_WARN__DUPLICATE_METHOD_MATCH = YES;
				"CODE_SIGN_IDENTITY[sdk=iphoneos*]" = "iPhone Developer";
				COPY_PHASE_STRIP = NO;
				DEBUG_INFORMATION_FORMAT = "dwarf-with-dsym";
				ENABLE_NS_ASSERTIONS = NO;
				ENABLE_STRICT_OBJC_MSGSEND = YES;
				GCC_C_LANGUAGE_STANDARD = gnu99;
				GCC_NO_COMMON_BLOCKS = YES;
				GCC_WARN_64_TO_32_BIT_CONVERSION = YES;
				GCC_WARN_ABOUT_RETURN_TYPE = YES_ERROR;
				GCC_WARN_UNDECLARED_SELECTOR = YES;
				GCC_WARN_UNINITIALIZED_AUTOS = YES_AGGRESSIVE;
				GCC_WARN_UNUSED_FUNCTION = YES;
				GCC_WARN_UNUSED_VARIABLE = YES;
				IPHONEOS_DEPLOYMENT_TARGET = 9.2;
				MTL_ENABLE_DEBUG_INFO = NO;
				SDKROOT = iphoneos;
				VALIDATE_PRODUCT = YES;
			};
			name = Release;
		};
		3347C1ED1CC30EBB00164BE3 /* Debug */ = {
			isa = XCBuildConfiguration;
			buildSettings = {
				ASSETCATALOG_COMPILER_APPICON_NAME = AppIcon;
				INFOPLIST_FILE = "$(SRCROOT)/ViperExample/Supporting Files/Info.plist";
				LD_RUNPATH_SEARCH_PATHS = "$(inherited) @executable_path/Frameworks";
				PRODUCT_BUNDLE_IDENTIFIER = com.eduardoeof.ViperExample;
				PRODUCT_NAME = "$(TARGET_NAME)";
			};
			name = Debug;
		};
		3347C1EE1CC30EBB00164BE3 /* Release */ = {
			isa = XCBuildConfiguration;
			buildSettings = {
				ASSETCATALOG_COMPILER_APPICON_NAME = AppIcon;
				INFOPLIST_FILE = "$(SRCROOT)/ViperExample/Supporting Files/Info.plist";
				LD_RUNPATH_SEARCH_PATHS = "$(inherited) @executable_path/Frameworks";
				PRODUCT_BUNDLE_IDENTIFIER = com.eduardoeof.ViperExample;
				PRODUCT_NAME = "$(TARGET_NAME)";
			};
			name = Release;
		};
		3347C1F01CC30EBB00164BE3 /* Debug */ = {
			isa = XCBuildConfiguration;
			buildSettings = {
				BUNDLE_LOADER = "$(TEST_HOST)";
				INFOPLIST_FILE = ViperExampleTests/Info.plist;
				LD_RUNPATH_SEARCH_PATHS = "$(inherited) @executable_path/Frameworks @loader_path/Frameworks";
				PRODUCT_BUNDLE_IDENTIFIER = com.eduardoeof.ViperExampleTests;
				PRODUCT_NAME = "$(TARGET_NAME)";
				TEST_HOST = "$(BUILT_PRODUCTS_DIR)/ViperExample.app/ViperExample";
			};
			name = Debug;
		};
		3347C1F11CC30EBB00164BE3 /* Release */ = {
			isa = XCBuildConfiguration;
			buildSettings = {
				BUNDLE_LOADER = "$(TEST_HOST)";
				INFOPLIST_FILE = ViperExampleTests/Info.plist;
				LD_RUNPATH_SEARCH_PATHS = "$(inherited) @executable_path/Frameworks @loader_path/Frameworks";
				PRODUCT_BUNDLE_IDENTIFIER = com.eduardoeof.ViperExampleTests;
				PRODUCT_NAME = "$(TARGET_NAME)";
				TEST_HOST = "$(BUILT_PRODUCTS_DIR)/ViperExample.app/ViperExample";
			};
			name = Release;
		};
		3347C1F31CC30EBB00164BE3 /* Debug */ = {
			isa = XCBuildConfiguration;
			buildSettings = {
				INFOPLIST_FILE = ViperExampleUITests/Info.plist;
				LD_RUNPATH_SEARCH_PATHS = "$(inherited) @executable_path/Frameworks @loader_path/Frameworks";
				PRODUCT_BUNDLE_IDENTIFIER = com.eduardoeof.ViperExampleUITests;
				PRODUCT_NAME = "$(TARGET_NAME)";
				TEST_TARGET_NAME = ViperExample;
				USES_XCTRUNNER = YES;
			};
			name = Debug;
		};
		3347C1F41CC30EBB00164BE3 /* Release */ = {
			isa = XCBuildConfiguration;
			buildSettings = {
				INFOPLIST_FILE = ViperExampleUITests/Info.plist;
				LD_RUNPATH_SEARCH_PATHS = "$(inherited) @executable_path/Frameworks @loader_path/Frameworks";
				PRODUCT_BUNDLE_IDENTIFIER = com.eduardoeof.ViperExampleUITests;
				PRODUCT_NAME = "$(TARGET_NAME)";
				TEST_TARGET_NAME = ViperExample;
				USES_XCTRUNNER = YES;
			};
			name = Release;
		};
/* End XCBuildConfiguration section */

/* Begin XCConfigurationList section */
		3347C1BF1CC30EBB00164BE3 /* Build configuration list for PBXProject "ViperExample" */ = {
			isa = XCConfigurationList;
			buildConfigurations = (
				3347C1EA1CC30EBB00164BE3 /* Debug */,
				3347C1EB1CC30EBB00164BE3 /* Release */,
			);
			defaultConfigurationIsVisible = 0;
			defaultConfigurationName = Release;
		};
		3347C1EC1CC30EBB00164BE3 /* Build configuration list for PBXNativeTarget "ViperExample" */ = {
			isa = XCConfigurationList;
			buildConfigurations = (
				3347C1ED1CC30EBB00164BE3 /* Debug */,
				3347C1EE1CC30EBB00164BE3 /* Release */,
			);
			defaultConfigurationIsVisible = 0;
			defaultConfigurationName = Release;
		};
		3347C1EF1CC30EBB00164BE3 /* Build configuration list for PBXNativeTarget "ViperExampleTests" */ = {
			isa = XCConfigurationList;
			buildConfigurations = (
				3347C1F01CC30EBB00164BE3 /* Debug */,
				3347C1F11CC30EBB00164BE3 /* Release */,
			);
			defaultConfigurationIsVisible = 0;
			defaultConfigurationName = Release;
		};
		3347C1F21CC30EBB00164BE3 /* Build configuration list for PBXNativeTarget "ViperExampleUITests" */ = {
			isa = XCConfigurationList;
			buildConfigurations = (
				3347C1F31CC30EBB00164BE3 /* Debug */,
				3347C1F41CC30EBB00164BE3 /* Release */,
			);
			defaultConfigurationIsVisible = 0;
			defaultConfigurationName = Release;
		};
/* End XCConfigurationList section */
	};
	rootObject = 3347C1BC1CC30EBB00164BE3 /* Project object */;
}
